
Microsoft Visual Studio Solution File, Format Version 12.00
# Visual Studio Version 17
VisualStudioVersion = 17.0.31903.59
MinimumVisualStudioVersion = 10.0.40219.1
Project("{FAE04EC0-301F-11D3-BF4B-00C04F79EFBC}") = "Ian.Api", "Ian.Api\Ian.Api.csproj", "{37243450-B3A3-4AE8-B121-F09654D8FC2C}"
EndProject
Project("{FAE04EC0-301F-11D3-BF4B-00C04F79EFBC}") = "Ian.Bot", "Ian.Bot\Ian.Bot.csproj", "{3C981AC8-D427-40A9-B2F4-D05A74727913}"
EndProject
Project("{FAE04EC0-301F-11D3-BF4B-00C04F79EFBC}") = "Ian.Core", "Ian.Core\Ian.Core.csproj", "{9B9A08D5-D494-459D-9E91-5215E3CDF551}"
EndProject
Project("{FAE04EC0-301F-11D3-BF4B-00C04F79EFBC}") = "Ian.Data", "Ian.Data\Ian.Data.csproj", "{023321A2-1BDB-44E9-9CA4-05B2E9FD489C}"
EndProject
Project("{FAE04EC0-301F-11D3-BF4B-00C04F79EFBC}") = "Ian.Tests", "Ian.Tests\Ian.Tests.csproj", "{5F1179CB-F2AC-4A12-B839-CBA7245EB2D2}"
EndProject
Global
	GlobalSection(SolutionConfigurationPlatforms) = preSolution
		Debug|Any CPU = Debug|Any CPU
		Release|Any CPU = Release|Any CPU
	EndGlobalSection
	GlobalSection(SolutionProperties) = preSolution
		HideSolutionNode = FALSE
	EndGlobalSection
	GlobalSection(ProjectConfigurationPlatforms) = postSolution
		{37243450-B3A3-4AE8-B121-F09654D8FC2C}.Debug|Any CPU.ActiveCfg = Debug|Any CPU
		{37243450-B3A3-4AE8-B121-F09654D8FC2C}.Debug|Any CPU.Build.0 = Debug|Any CPU
		{37243450-B3A3-4AE8-B121-F09654D8FC2C}.Release|Any CPU.ActiveCfg = Release|Any CPU
		{37243450-B3A3-4AE8-B121-F09654D8FC2C}.Release|Any CPU.Build.0 = Release|Any CPU
		{3C981AC8-D427-40A9-B2F4-D05A74727913}.Debug|Any CPU.ActiveCfg = Debug|Any CPU
		{3C981AC8-D427-40A9-B2F4-D05A74727913}.Debug|Any CPU.Build.0 = Debug|Any CPU
		{3C981AC8-D427-40A9-B2F4-D05A74727913}.Release|Any CPU.ActiveCfg = Release|Any CPU
		{3C981AC8-D427-40A9-B2F4-D05A74727913}.Release|Any CPU.Build.0 = Release|Any CPU
		{9B9A08D5-D494-459D-9E91-5215E3CDF551}.Debug|Any CPU.ActiveCfg = Debug|Any CPU
		{9B9A08D5-D494-459D-9E91-5215E3CDF551}.Debug|Any CPU.Build.0 = Debug|Any CPU
		{9B9A08D5-D494-459D-9E91-5215E3CDF551}.Release|Any CPU.ActiveCfg = Release|Any CPU
		{9B9A08D5-D494-459D-9E91-5215E3CDF551}.Release|Any CPU.Build.0 = Release|Any CPU
		{023321A2-1BDB-44E9-9CA4-05B2E9FD489C}.Debug|Any CPU.ActiveCfg = Debug|Any CPU
		{023321A2-1BDB-44E9-9CA4-05B2E9FD489C}.Debug|Any CPU.Build.0 = Debug|Any CPU
		{023321A2-1BDB-44E9-9CA4-05B2E9FD489C}.Release|Any CPU.ActiveCfg = Release|Any CPU
		{023321A2-1BDB-44E9-9CA4-05B2E9FD489C}.Release|Any CPU.Build.0 = Release|Any CPU
		{5F1179CB-F2AC-4A12-B839-CBA7245EB2D2}.Debug|Any CPU.ActiveCfg = Debug|Any CPU
		{5F1179CB-F2AC-4A12-B839-CBA7245EB2D2}.Debug|Any CPU.Build.0 = Debug|Any CPU
		{5F1179CB-F2AC-4A12-B839-CBA7245EB2D2}.Release|Any CPU.ActiveCfg = Release|Any CPU
		{5F1179CB-F2AC-4A12-B839-CBA7245EB2D2}.Release|Any CPU.Build.0 = Release|Any CPU
	EndGlobalSection
EndGlobal
